// !$*UTF8*$!
{
	archiveVersion = 1;
	classes = {
	};
	objectVersion = 77;
	objects = {

/* Begin PBXBuildFile section */
		0200DE782F84A262004768C2 /* AVVideoComposition+AsyncCIFilters.swift in Sources */ = {isa = PBXBuildFile; fileRef = 0200DE772F84A262004768C2 /* AVVideoComposition+AsyncCIFilters.swift */; };
		0200DEA32F855E26004768C2 /* TeslaSEISample.swift in Sources */ = {isa = PBXBuildFile; fileRef = 0200DE9D2F855E26004768C2 /* TeslaSEISample.swift */; };
		0200DEAD2F855E3F004768C2 /* TeslaMP4SampleReader.swift in Sources */ = {isa = PBXBuildFile; fileRef = 0200DEA42F855E3F004768C2 /* TeslaMP4SampleReader.swift */; };
		0200DEAF2F855E3F004768C2 /* TeslaNativeSEIExtractor.swift in Sources */ = {isa = PBXBuildFile; fileRef = 0200DEA62F855E3F004768C2 /* TeslaNativeSEIExtractor.swift */; };
		0200DEB22F855E3F004768C2 /* TeslaSEINALUnitExtractor.swift in Sources */ = {isa = PBXBuildFile; fileRef = 0200DEA92F855E3F004768C2 /* TeslaSEINALUnitExtractor.swift */; };
		0200DEB32F855E3F004768C2 /* TeslaSEIPayloadDecoder.swift in Sources */ = {isa = PBXBuildFile; fileRef = 0200DEAA2F855E3F004768C2 /* TeslaSEIPayloadDecoder.swift */; };
		0200DEB42F855E3F004768C2 /* TeslaSEIProtobufDecoder.swift in Sources */ = {isa = PBXBuildFile; fileRef = 0200DEAB2F855E3F004768C2 /* TeslaSEIProtobufDecoder.swift */; };
		0206045A2F7A1ED90054C569 /* VideoPlaybackViewModel.swift in Sources */ = {isa = PBXBuildFile; fileRef = 020604592F7A1ED90054C569 /* VideoPlaybackViewModel.swift */; };
		0206045E2F7A21950054C569 /* SelectedVideo.swift in Sources */ = {isa = PBXBuildFile; fileRef = 0206045D2F7A21950054C569 /* SelectedVideo.swift */; };
		020604602F7A29250054C569 /* SelectedVideoSectionView.swift in Sources */ = {isa = PBXBuildFile; fileRef = 0206045F2F7A29250054C569 /* SelectedVideoSectionView.swift */; };
		020604622F7A29A20054C569 /* EmptyStateView.swift in Sources */ = {isa = PBXBuildFile; fileRef = 020604612F7A29A20054C569 /* EmptyStateView.swift */; };
		0206046E2F7A4DC00054C569 /* TeslaEvent.swift in Sources */ = {isa = PBXBuildFile; fileRef = 0206046D2F7A4DC00054C569 /* TeslaEvent.swift */; };
		020604702F7A4DD40054C569 /* TeslaCameraClip.swift in Sources */ = {isa = PBXBuildFile; fileRef = 0206046F2F7A4DD40054C569 /* TeslaCameraClip.swift */; };
		020604722F7A4E0F0054C569 /* TeslaCamera.swift in Sources */ = {isa = PBXBuildFile; fileRef = 020604712F7A4E0F0054C569 /* TeslaCamera.swift */; };
		020604742F7A50E60054C569 /* TeslaCamScanner.swift in Sources */ = {isa = PBXBuildFile; fileRef = 020604732F7A50E60054C569 /* TeslaCamScanner.swift */; };
		020604762F7A50F10054C569 /* TeslaClipGroup.swift in Sources */ = {isa = PBXBuildFile; fileRef = 020604752F7A50F10054C569 /* TeslaClipGroup.swift */; };
		020604782F7A51190054C569 /* TeslaCamBrowserViewModel.swift in Sources */ = {isa = PBXBuildFile; fileRef = 020604772F7A51190054C569 /* TeslaCamBrowserViewModel.swift */; };
		0206047A2F7A51530054C569 /* FolderPicker.swift in Sources */ = {isa = PBXBuildFile; fileRef = 020604792F7A51530054C569 /* FolderPicker.swift */; };
		0206047C2F7A518F0054C569 /* SidebarView.swift in Sources */ = {isa = PBXBuildFile; fileRef = 0206047B2F7A518F0054C569 /* SidebarView.swift */; };
		0206047E2F7A519C0054C569 /* EventFolderListView.swift in Sources */ = {isa = PBXBuildFile; fileRef = 0206047D2F7A519C0054C569 /* EventFolderListView.swift */; };
		020604802F7A51AD0054C569 /* EventDetailPlaceholderView.swift in Sources */ = {isa = PBXBuildFile; fileRef = 0206047F2F7A51AD0054C569 /* EventDetailPlaceholderView.swift */; };
		020604822F7A71C90054C569 /* TeslaEventBuilder.swift in Sources */ = {isa = PBXBuildFile; fileRef = 020604812F7A71C90054C569 /* TeslaEventBuilder.swift */; };
		020604842F7A7BB40054C569 /* EventThumbnailView.swift in Sources */ = {isa = PBXBuildFile; fileRef = 020604832F7A7BB40054C569 /* EventThumbnailView.swift */; };
		020604862F7AA9360054C569 /* TeslaEventMetadata.swift in Sources */ = {isa = PBXBuildFile; fileRef = 020604852F7AA9360054C569 /* TeslaEventMetadata.swift */; };
		020604882F7AAA880054C569 /* TeslaEventJSONLoader.swift in Sources */ = {isa = PBXBuildFile; fileRef = 020604872F7AAA880054C569 /* TeslaEventJSONLoader.swift */; };
		0206048A2F7AAB5A0054C569 /* TeslaEventRepository.swift in Sources */ = {isa = PBXBuildFile; fileRef = 020604892F7AAB5A0054C569 /* TeslaEventRepository.swift */; };
		0206048C2F7B5B650054C569 /* EventDetailContentView.swift in Sources */ = {isa = PBXBuildFile; fileRef = 0206048B2F7B5B650054C569 /* EventDetailContentView.swift */; };
		021CB9232F85C639007D3A10 /* NALUnit.swift in Sources */ = {isa = PBXBuildFile; fileRef = 021CB9222F85C639007D3A10 /* NALUnit.swift */; };
		021CB9272F85C966007D3A10 /* NALUnitParser.swift in Sources */ = {isa = PBXBuildFile; fileRef = 021CB9262F85C966007D3A10 /* NALUnitParser.swift */; };
		021CB9292F85C97A007D3A10 /* MP4SampleReader.swift in Sources */ = {isa = PBXBuildFile; fileRef = 021CB9282F85C97A007D3A10 /* MP4SampleReader.swift */; };
		021CB92B2F85C98A007D3A10 /* BitstreamReader.swift in Sources */ = {isa = PBXBuildFile; fileRef = 021CB92A2F85C98A007D3A10 /* BitstreamReader.swift */; };
		021CB92D2F85C995007D3A10 /* BitstreamError.swift in Sources */ = {isa = PBXBuildFile; fileRef = 021CB92C2F85C995007D3A10 /* BitstreamError.swift */; };
		021CB92F2F85FA3F007D3A10 /* SEIMessage.swift in Sources */ = {isa = PBXBuildFile; fileRef = 021CB92E2F85FA3F007D3A10 /* SEIMessage.swift */; };
		021CB9332F85FE11007D3A10 /* TeslaTelemetryDecoder.swift in Sources */ = {isa = PBXBuildFile; fileRef = 021CB9322F85FE0C007D3A10 /* TeslaTelemetryDecoder.swift */; };
		028A4E042F89EDA800BD7BEF /* TelemetryOverlay.swift in Sources */ = {isa = PBXBuildFile; fileRef = 028A4E032F89EDA800BD7BEF /* TelemetryOverlay.swift */; };
		029380DA2F6EAB9600F08527 /* Assets.xcassets in Resources */ = {isa = PBXBuildFile; fileRef = 029380D62F6EAB9600F08527 /* Assets.xcassets */; };
		029380DB2F6EAB9600F08527 /* ContentView.swift in Sources */ = {isa = PBXBuildFile; fileRef = 029380D72F6EAB9600F08527 /* ContentView.swift */; };
		029380DC2F6EAB9600F08527 /* TeslaCamViewerApp.swift in Sources */ = {isa = PBXBuildFile; fileRef = 029380D82F6EAB9600F08527 /* TeslaCamViewerApp.swift */; };
		02A75AF62F7E541200B12388 /* TeslaCameraTrack.swift in Sources */ = {isa = PBXBuildFile; fileRef = 02A75AF52F7E541200B12388 /* TeslaCameraTrack.swift */; };
		02A75AF82F7E553000B12388 /* TeslaTrackSegment.swift in Sources */ = {isa = PBXBuildFile; fileRef = 02A75AF72F7E553000B12388 /* TeslaTrackSegment.swift */; };
		02A75AFA2F7E558800B12388 /* TeslaStitchedTrack.swift in Sources */ = {isa = PBXBuildFile; fileRef = 02A75AF92F7E558800B12388 /* TeslaStitchedTrack.swift */; };
		02A75AFC2F7E55DA00B12388 /* TimelineCropSelection.swift in Sources */ = {isa = PBXBuildFile; fileRef = 02A75AFB2F7E55DA00B12388 /* TimelineCropSelection.swift */; };
		02A75AFE2F7E67E500B12388 /* TeslaComposedTrack.swift in Sources */ = {isa = PBXBuildFile; fileRef = 02A75AFD2F7E67E500B12388 /* TeslaComposedTrack.swift */; };
		02A75B002F7E6DE600B12388 /* TeslaTrackCompositionBuilder.swift in Sources */ = {isa = PBXBuildFile; fileRef = 02A75AFF2F7E6DE200B12388 /* TeslaTrackCompositionBuilder.swift */; };
		02A75B022F7E784100B12388 /* TeslaTrackCompositionError.swift in Sources */ = {isa = PBXBuildFile; fileRef = 02A75B012F7E784100B12388 /* TeslaTrackCompositionError.swift */; };
		02A75B042F7E7AA600B12388 /* EventDetailPlaybackViewModel.swift in Sources */ = {isa = PBXBuildFile; fileRef = 02A75B032F7E7AA600B12388 /* EventDetailPlaybackViewModel.swift */; };
		02AF7A332F87A56E00D7B37C /* TeslaProtoModels.framework in Frameworks */ = {isa = PBXBuildFile; fileRef = 02AF7A2B2F87A56E00D7B37C /* TeslaProtoModels.framework */; };
		02AF7A342F87A56E00D7B37C /* TeslaProtoModels.framework in Embed Frameworks */ = {isa = PBXBuildFile; fileRef = 02AF7A2B2F87A56E00D7B37C /* TeslaProtoModels.framework */; settings = {ATTRIBUTES = (CodeSignOnCopy, RemoveHeadersOnCopy, ); }; };
		02AF7A392F87A5AC00D7B37C /* dashcam.pb.swift in Sources */ = {isa = PBXBuildFile; fileRef = 02AF7A222F8792F100D7B37C /* dashcam.pb.swift */; };
		02AF7A3E2F87A61800D7B37C /* SwiftProtobuf in Frameworks */ = {isa = PBXBuildFile; productRef = 02AF7A3D2F87A61800D7B37C /* SwiftProtobuf */; };
		02AF7A432F87CA5E00D7B37C /* TeslaSEIExtracting.swift in Sources */ = {isa = PBXBuildFile; fileRef = 02AF7A422F87CA5E00D7B37C /* TeslaSEIExtracting.swift */; };
		02AFB0702F6F785800CEC127 /* FilePicker.swift in Sources */ = {isa = PBXBuildFile; fileRef = 02AFB06F2F6F785800CEC127 /* FilePicker.swift */; };
		02AFB0722F6F7A9500CEC127 /* VideoPlayerView.swift in Sources */ = {isa = PBXBuildFile; fileRef = 02AFB0712F6F7A9500CEC127 /* VideoPlayerView.swift */; };
		02AFB0742F702EF300CEC127 /* TimestampBurner.swift in Sources */ = {isa = PBXBuildFile; fileRef = 02AFB0732F702EF300CEC127 /* TimestampBurner.swift */; };
		02C3F99D2F7F6ED900F8A43A /* TeslaTrackFrameExporter.swift in Sources */ = {isa = PBXBuildFile; fileRef = 02C3F99C2F7F6ED900F8A43A /* TeslaTrackFrameExporter.swift */; };
		02C3F99F2F7F863300F8A43A /* TeslaTrackClipExporter.swift in Sources */ = {isa = PBXBuildFile; fileRef = 02C3F99E2F7F863300F8A43A /* TeslaTrackClipExporter.swift */; };
		02D109BF2F8914480048670C /* EventDetailFooterView.swift in Sources */ = {isa = PBXBuildFile; fileRef = 02D109BB2F8914480048670C /* EventDetailFooterView.swift */; };
		02D109C02F8914480048670C /* TrackPreviewCardView.swift in Sources */ = {isa = PBXBuildFile; fileRef = 02D109BE2F8914480048670C /* TrackPreviewCardView.swift */; };
		02D109C12F8914480048670C /* EventDetailHeaderView.swift in Sources */ = {isa = PBXBuildFile; fileRef = 02D109BC2F8914480048670C /* EventDetailHeaderView.swift */; };
		02D109C22F8914480048670C /* EventDetailTimelineView.swift in Sources */ = {isa = PBXBuildFile; fileRef = 02D109BD2F8914480048670C /* EventDetailTimelineView.swift */; };
		02D109C62F8932E70048670C /* TelemetryOverlayView.swift in Sources */ = {isa = PBXBuildFile; fileRef = 02D109C52F8932D70048670C /* TelemetryOverlayView.swift */; };
/* End PBXBuildFile section */

/* Begin PBXContainerItemProxy section */
		02AF7A312F87A56E00D7B37C /* PBXContainerItemProxy */ = {
			isa = PBXContainerItemProxy;
			containerPortal = 029380BE2F6E954900F08527 /* Project object */;
			proxyType = 1;
			remoteGlobalIDString = 02AF7A2A2F87A56E00D7B37C;
			remoteInfo = TeslaProtoModels;
		};
/* End PBXContainerItemProxy section */

/* Begin PBXCopyFilesBuildPhase section */
		02AF7A352F87A56E00D7B37C /* Embed Frameworks */ = {
			isa = PBXCopyFilesBuildPhase;
			buildActionMask = 2147483647;
			dstPath = "";
			dstSubfolderSpec = 10;
			files = (
				02AF7A342F87A56E00D7B37C /* TeslaProtoModels.framework in Embed Frameworks */,
			);
			name = "Embed Frameworks";
			runOnlyForDeploymentPostprocessing = 0;
		};
/* End PBXCopyFilesBuildPhase section */

/* Begin PBXFileReference section */
		0200DE772F84A262004768C2 /* AVVideoComposition+AsyncCIFilters.swift */ = {isa = PBXFileReference; lastKnownFileType = sourcecode.swift; path = "AVVideoComposition+AsyncCIFilters.swift"; sourceTree = "<group>"; };
		0200DE9D2F855E26004768C2 /* TeslaSEISample.swift */ = {isa = PBXFileReference; lastKnownFileType = sourcecode.swift; path = TeslaSEISample.swift; sourceTree = "<group>"; };
		0200DEA42F855E3F004768C2 /* TeslaMP4SampleReader.swift */ = {isa = PBXFileReference; lastKnownFileType = sourcecode.swift; path = TeslaMP4SampleReader.swift; sourceTree = "<group>"; };
		0200DEA62F855E3F004768C2 /* TeslaNativeSEIExtractor.swift */ = {isa = PBXFileReference; lastKnownFileType = sourcecode.swift; path = TeslaNativeSEIExtractor.swift; sourceTree = "<group>"; };
		0200DEA92F855E3F004768C2 /* TeslaSEINALUnitExtractor.swift */ = {isa = PBXFileReference; lastKnownFileType = sourcecode.swift; path = TeslaSEINALUnitExtractor.swift; sourceTree = "<group>"; };
		0200DEAA2F855E3F004768C2 /* TeslaSEIPayloadDecoder.swift */ = {isa = PBXFileReference; lastKnownFileType = sourcecode.swift; path = TeslaSEIPayloadDecoder.swift; sourceTree = "<group>"; };
		0200DEAB2F855E3F004768C2 /* TeslaSEIProtobufDecoder.swift */ = {isa = PBXFileReference; lastKnownFileType = sourcecode.swift; path = TeslaSEIProtobufDecoder.swift; sourceTree = "<group>"; };
		020604592F7A1ED90054C569 /* VideoPlaybackViewModel.swift */ = {isa = PBXFileReference; lastKnownFileType = sourcecode.swift; path = VideoPlaybackViewModel.swift; sourceTree = "<group>"; };
		0206045D2F7A21950054C569 /* SelectedVideo.swift */ = {isa = PBXFileReference; lastKnownFileType = sourcecode.swift; path = SelectedVideo.swift; sourceTree = "<group>"; };
		0206045F2F7A29250054C569 /* SelectedVideoSectionView.swift */ = {isa = PBXFileReference; lastKnownFileType = sourcecode.swift; path = SelectedVideoSectionView.swift; sourceTree = "<group>"; };
		020604612F7A29A20054C569 /* EmptyStateView.swift */ = {isa = PBXFileReference; lastKnownFileType = sourcecode.swift; path = EmptyStateView.swift; sourceTree = "<group>"; };
		0206046D2F7A4DC00054C569 /* TeslaEvent.swift */ = {isa = PBXFileReference; lastKnownFileType = sourcecode.swift; path = TeslaEvent.swift; sourceTree = "<group>"; };
		0206046F2F7A4DD40054C569 /* TeslaCameraClip.swift */ = {isa = PBXFileReference; lastKnownFileType = sourcecode.swift; path = TeslaCameraClip.swift; sourceTree = "<group>"; };
		020604712F7A4E0F0054C569 /* TeslaCamera.swift */ = {isa = PBXFileReference; lastKnownFileType = sourcecode.swift; path = TeslaCamera.swift; sourceTree = "<group>"; };
		020604732F7A50E60054C569 /* TeslaCamScanner.swift */ = {isa = PBXFileReference; lastKnownFileType = sourcecode.swift; path = TeslaCamScanner.swift; sourceTree = "<group>"; };
		020604752F7A50F10054C569 /* TeslaClipGroup.swift */ = {isa = PBXFileReference; lastKnownFileType = sourcecode.swift; path = TeslaClipGroup.swift; sourceTree = "<group>"; };
		020604772F7A51190054C569 /* TeslaCamBrowserViewModel.swift */ = {isa = PBXFileReference; lastKnownFileType = sourcecode.swift; path = TeslaCamBrowserViewModel.swift; sourceTree = "<group>"; };
		020604792F7A51530054C569 /* FolderPicker.swift */ = {isa = PBXFileReference; lastKnownFileType = sourcecode.swift; path = FolderPicker.swift; sourceTree = "<group>"; };
		0206047B2F7A518F0054C569 /* SidebarView.swift */ = {isa = PBXFileReference; lastKnownFileType = sourcecode.swift; path = SidebarView.swift; sourceTree = "<group>"; };
		0206047D2F7A519C0054C569 /* EventFolderListView.swift */ = {isa = PBXFileReference; lastKnownFileType = sourcecode.swift; path = EventFolderListView.swift; sourceTree = "<group>"; };
		0206047F2F7A51AD0054C569 /* EventDetailPlaceholderView.swift */ = {isa = PBXFileReference; lastKnownFileType = sourcecode.swift; path = EventDetailPlaceholderView.swift; sourceTree = "<group>"; };
		020604812F7A71C90054C569 /* TeslaEventBuilder.swift */ = {isa = PBXFileReference; lastKnownFileType = sourcecode.swift; path = TeslaEventBuilder.swift; sourceTree = "<group>"; };
		020604832F7A7BB40054C569 /* EventThumbnailView.swift */ = {isa = PBXFileReference; lastKnownFileType = sourcecode.swift; path = EventThumbnailView.swift; sourceTree = "<group>"; };
		020604852F7AA9360054C569 /* TeslaEventMetadata.swift */ = {isa = PBXFileReference; lastKnownFileType = sourcecode.swift; path = TeslaEventMetadata.swift; sourceTree = "<group>"; };
		020604872F7AAA880054C569 /* TeslaEventJSONLoader.swift */ = {isa = PBXFileReference; lastKnownFileType = sourcecode.swift; path = TeslaEventJSONLoader.swift; sourceTree = "<group>"; };
		020604892F7AAB5A0054C569 /* TeslaEventRepository.swift */ = {isa = PBXFileReference; lastKnownFileType = sourcecode.swift; path = TeslaEventRepository.swift; sourceTree = "<group>"; };
		0206048B2F7B5B650054C569 /* EventDetailContentView.swift */ = {isa = PBXFileReference; lastKnownFileType = sourcecode.swift; path = EventDetailContentView.swift; sourceTree = "<group>"; };
		021CB9222F85C639007D3A10 /* NALUnit.swift */ = {isa = PBXFileReference; lastKnownFileType = sourcecode.swift; path = NALUnit.swift; sourceTree = "<group>"; };
		021CB9262F85C966007D3A10 /* NALUnitParser.swift */ = {isa = PBXFileReference; lastKnownFileType = sourcecode.swift; path = NALUnitParser.swift; sourceTree = "<group>"; };
		021CB9282F85C97A007D3A10 /* MP4SampleReader.swift */ = {isa = PBXFileReference; lastKnownFileType = sourcecode.swift; path = MP4SampleReader.swift; sourceTree = "<group>"; };
		021CB92A2F85C98A007D3A10 /* BitstreamReader.swift */ = {isa = PBXFileReference; lastKnownFileType = sourcecode.swift; path = BitstreamReader.swift; sourceTree = "<group>"; };
		021CB92C2F85C995007D3A10 /* BitstreamError.swift */ = {isa = PBXFileReference; lastKnownFileType = sourcecode.swift; path = BitstreamError.swift; sourceTree = "<group>"; };
		021CB92E2F85FA3F007D3A10 /* SEIMessage.swift */ = {isa = PBXFileReference; lastKnownFileType = sourcecode.swift; path = SEIMessage.swift; sourceTree = "<group>"; };
		021CB9322F85FE0C007D3A10 /* TeslaTelemetryDecoder.swift */ = {isa = PBXFileReference; lastKnownFileType = sourcecode.swift; path = TeslaTelemetryDecoder.swift; sourceTree = "<group>"; };
		028A4E032F89EDA800BD7BEF /* TelemetryOverlay.swift */ = {isa = PBXFileReference; lastKnownFileType = sourcecode.swift; path = TelemetryOverlay.swift; sourceTree = "<group>"; };
		029380D62F6EAB9600F08527 /* Assets.xcassets */ = {isa = PBXFileReference; lastKnownFileType = folder.assetcatalog; path = Assets.xcassets; sourceTree = "<group>"; };
		029380D72F6EAB9600F08527 /* ContentView.swift */ = {isa = PBXFileReference; lastKnownFileType = sourcecode.swift; path = ContentView.swift; sourceTree = "<group>"; };
		029380D82F6EAB9600F08527 /* TeslaCamViewerApp.swift */ = {isa = PBXFileReference; lastKnownFileType = sourcecode.swift; path = TeslaCamViewerApp.swift; sourceTree = "<group>"; };
		02A75AF52F7E541200B12388 /* TeslaCameraTrack.swift */ = {isa = PBXFileReference; lastKnownFileType = sourcecode.swift; path = TeslaCameraTrack.swift; sourceTree = "<group>"; };
		02A75AF72F7E553000B12388 /* TeslaTrackSegment.swift */ = {isa = PBXFileReference; lastKnownFileType = sourcecode.swift; path = TeslaTrackSegment.swift; sourceTree = "<group>"; };
		02A75AF92F7E558800B12388 /* TeslaStitchedTrack.swift */ = {isa = PBXFileReference; lastKnownFileType = sourcecode.swift; path = TeslaStitchedTrack.swift; sourceTree = "<group>"; };
		02A75AFB2F7E55DA00B12388 /* TimelineCropSelection.swift */ = {isa = PBXFileReference; lastKnownFileType = sourcecode.swift; path = TimelineCropSelection.swift; sourceTree = "<group>"; };
		02A75AFD2F7E67E500B12388 /* TeslaComposedTrack.swift */ = {isa = PBXFileReference; lastKnownFileType = sourcecode.swift; path = TeslaComposedTrack.swift; sourceTree = "<group>"; };
		02A75AFF2F7E6DE200B12388 /* TeslaTrackCompositionBuilder.swift */ = {isa = PBXFileReference; lastKnownFileType = sourcecode.swift; path = TeslaTrackCompositionBuilder.swift; sourceTree = "<group>"; };
		02A75B012F7E784100B12388 /* TeslaTrackCompositionError.swift */ = {isa = PBXFileReference; lastKnownFileType = sourcecode.swift; path = TeslaTrackCompositionError.swift; sourceTree = "<group>"; };
		02A75B032F7E7AA600B12388 /* EventDetailPlaybackViewModel.swift */ = {isa = PBXFileReference; lastKnownFileType = sourcecode.swift; path = EventDetailPlaybackViewModel.swift; sourceTree = "<group>"; };
		02AF7A222F8792F100D7B37C /* dashcam.pb.swift */ = {isa = PBXFileReference; lastKnownFileType = sourcecode.swift; path = dashcam.pb.swift; sourceTree = "<group>"; };
		02AF7A2B2F87A56E00D7B37C /* TeslaProtoModels.framework */ = {isa = PBXFileReference; explicitFileType = wrapper.framework; includeInIndex = 0; path = TeslaProtoModels.framework; sourceTree = BUILT_PRODUCTS_DIR; };
		02AF7A422F87CA5E00D7B37C /* TeslaSEIExtracting.swift */ = {isa = PBXFileReference; lastKnownFileType = sourcecode.swift; path = TeslaSEIExtracting.swift; sourceTree = "<group>"; };
		02AFB0672F6F6FD300CEC127 /* TeslaCamViewer.app */ = {isa = PBXFileReference; explicitFileType = wrapper.application; includeInIndex = 0; path = TeslaCamViewer.app; sourceTree = BUILT_PRODUCTS_DIR; };
		02AFB06F2F6F785800CEC127 /* FilePicker.swift */ = {isa = PBXFileReference; lastKnownFileType = sourcecode.swift; path = FilePicker.swift; sourceTree = "<group>"; };
		02AFB0712F6F7A9500CEC127 /* VideoPlayerView.swift */ = {isa = PBXFileReference; lastKnownFileType = sourcecode.swift; path = VideoPlayerView.swift; sourceTree = "<group>"; };
		02AFB0732F702EF300CEC127 /* TimestampBurner.swift */ = {isa = PBXFileReference; lastKnownFileType = sourcecode.swift; path = TimestampBurner.swift; sourceTree = "<group>"; };
		02C3F99C2F7F6ED900F8A43A /* TeslaTrackFrameExporter.swift */ = {isa = PBXFileReference; lastKnownFileType = sourcecode.swift; path = TeslaTrackFrameExporter.swift; sourceTree = "<group>"; };
		02C3F99E2F7F863300F8A43A /* TeslaTrackClipExporter.swift */ = {isa = PBXFileReference; lastKnownFileType = sourcecode.swift; path = TeslaTrackClipExporter.swift; sourceTree = "<group>"; };
		02D109BB2F8914480048670C /* EventDetailFooterView.swift */ = {isa = PBXFileReference; lastKnownFileType = sourcecode.swift; path = EventDetailFooterView.swift; sourceTree = "<group>"; };
		02D109BC2F8914480048670C /* EventDetailHeaderView.swift */ = {isa = PBXFileReference; lastKnownFileType = sourcecode.swift; path = EventDetailHeaderView.swift; sourceTree = "<group>"; };
		02D109BD2F8914480048670C /* EventDetailTimelineView.swift */ = {isa = PBXFileReference; lastKnownFileType = sourcecode.swift; path = EventDetailTimelineView.swift; sourceTree = "<group>"; };
		02D109BE2F8914480048670C /* TrackPreviewCardView.swift */ = {isa = PBXFileReference; lastKnownFileType = sourcecode.swift; path = TrackPreviewCardView.swift; sourceTree = "<group>"; };
		02D109C52F8932D70048670C /* TelemetryOverlayView.swift */ = {isa = PBXFileReference; lastKnownFileType = sourcecode.swift; path = TelemetryOverlayView.swift; sourceTree = "<group>"; };
/* End PBXFileReference section */

/* Begin PBXFileSystemSynchronizedRootGroup section */
		02AF7A2C2F87A56E00D7B37C /* TeslaProtoModels */ = {
			isa = PBXFileSystemSynchronizedRootGroup;
			path = TeslaProtoModels;
			sourceTree = "<group>";
		};
/* End PBXFileSystemSynchronizedRootGroup section */

/* Begin PBXFrameworksBuildPhase section */
		029380C32F6E954900F08527 /* Frameworks */ = {
			isa = PBXFrameworksBuildPhase;
			buildActionMask = 2147483647;
			files = (
				02AF7A332F87A56E00D7B37C /* TeslaProtoModels.framework in Frameworks */,
			);
			runOnlyForDeploymentPostprocessing = 0;
		};
		02AF7A282F87A56E00D7B37C /* Frameworks */ = {
			isa = PBXFrameworksBuildPhase;
			buildActionMask = 2147483647;
			files = (
				02AF7A3E2F87A61800D7B37C /* SwiftProtobuf in Frameworks */,
			);
			runOnlyForDeploymentPostprocessing = 0;
		};
/* End PBXFrameworksBuildPhase section */

/* Begin PBXGroup section */
		0200DEA02F855E26004768C2 /* SEI */ = {
			isa = PBXGroup;
			children = (
				021CB92E2F85FA3F007D3A10 /* SEIMessage.swift */,
				0200DE9D2F855E26004768C2 /* TeslaSEISample.swift */,
			);
			path = SEI;
			sourceTree = "<group>";
		};
		0200DEAC2F855E3F004768C2 /* SEI */ = {
			isa = PBXGroup;
			children = (
				02AF7A422F87CA5E00D7B37C /* TeslaSEIExtracting.swift */,
				021CB9322F85FE0C007D3A10 /* TeslaTelemetryDecoder.swift */,
				021CB9252F85C761007D3A10 /* BitStream */,
				0200DEA42F855E3F004768C2 /* TeslaMP4SampleReader.swift */,
				0200DEA62F855E3F004768C2 /* TeslaNativeSEIExtractor.swift */,
				0200DEA92F855E3F004768C2 /* TeslaSEINALUnitExtractor.swift */,
				0200DEAA2F855E3F004768C2 /* TeslaSEIPayloadDecoder.swift */,
				0200DEAB2F855E3F004768C2 /* TeslaSEIProtobufDecoder.swift */,
			);
			path = SEI;
			sourceTree = "<group>";
		};
		021CB9252F85C761007D3A10 /* BitStream */ = {
			isa = PBXGroup;
			children = (
				021CB92C2F85C995007D3A10 /* BitstreamError.swift */,
				021CB92A2F85C98A007D3A10 /* BitstreamReader.swift */,
				021CB9282F85C97A007D3A10 /* MP4SampleReader.swift */,
				021CB9262F85C966007D3A10 /* NALUnitParser.swift */,
				021CB9222F85C639007D3A10 /* NALUnit.swift */,
			);
			path = BitStream;
			sourceTree = "<group>";
		};
		029380BD2F6E954900F08527 = {
			isa = PBXGroup;
			children = (
				029380D92F6EAB9600F08527 /* TeslaCamViewer */,
				02AFB0672F6F6FD300CEC127 /* TeslaCamViewer.app */,
				02AF7A2B2F87A56E00D7B37C /* TeslaProtoModels.framework */,
				02AF7A2C2F87A56E00D7B37C /* TeslaProtoModels */,
				02AF7A3A2F87A5F500D7B37C /* Frameworks */,
			);
			sourceTree = "<group>";
		};
		029380D92F6EAB9600F08527 /* TeslaCamViewer */ = {
			isa = PBXGroup;
			children = (
				02AF7A242F8792F100D7B37C /* Generated */,
				02AFB06E2F6F715500CEC127 /* App */,
				02AFB0692F6F711200CEC127 /* Models */,
				02AFB06A2F6F711200CEC127 /* Services */,
				02AFB06C2F6F711200CEC127 /* ViewModels */,
				02AFB06D2F6F711200CEC127 /* Views */,
				029380D62F6EAB9600F08527 /* Assets.xcassets */,
			);
			path = TeslaCamViewer;
			sourceTree = "<group>";
		};
		02AF7A232F8792F100D7B37C /* Proto */ = {
			isa = PBXGroup;
			children = (
				02AF7A222F8792F100D7B37C /* dashcam.pb.swift */,
			);
			path = Proto;
			sourceTree = "<group>";
		};
		02AF7A242F8792F100D7B37C /* Generated */ = {
			isa = PBXGroup;
			children = (
				02AF7A232F8792F100D7B37C /* Proto */,
			);
			path = Generated;
			sourceTree = "<group>";
		};
		02AF7A3A2F87A5F500D7B37C /* Frameworks */ = {
			isa = PBXGroup;
			children = (
			);
			name = Frameworks;
			sourceTree = "<group>";
		};
		02AFB0692F6F711200CEC127 /* Models */ = {
			isa = PBXGroup;
			children = (
				028A4E032F89EDA800BD7BEF /* TelemetryOverlay.swift */,
				0200DEA02F855E26004768C2 /* SEI */,
				02A75B012F7E784100B12388 /* TeslaTrackCompositionError.swift */,
				02A75AFD2F7E67E500B12388 /* TeslaComposedTrack.swift */,
				02A75AFB2F7E55DA00B12388 /* TimelineCropSelection.swift */,
				02A75AF92F7E558800B12388 /* TeslaStitchedTrack.swift */,
				02A75AF72F7E553000B12388 /* TeslaTrackSegment.swift */,
				02A75AF52F7E541200B12388 /* TeslaCameraTrack.swift */,
				020604852F7AA9360054C569 /* TeslaEventMetadata.swift */,
				020604752F7A50F10054C569 /* TeslaClipGroup.swift */,
				020604712F7A4E0F0054C569 /* TeslaCamera.swift */,
				0206045D2F7A21950054C569 /* SelectedVideo.swift */,
				0206046F2F7A4DD40054C569 /* TeslaCameraClip.swift */,
				0206046D2F7A4DC00054C569 /* TeslaEvent.swift */,
			);
			path = Models;
			sourceTree = "<group>";
		};
		02AFB06A2F6F711200CEC127 /* Services */ = {
			isa = PBXGroup;
			children = (
				02C3F99E2F7F863300F8A43A /* TeslaTrackClipExporter.swift */,
				02C3F99C2F7F6ED900F8A43A /* TeslaTrackFrameExporter.swift */,
				02A75AFF2F7E6DE200B12388 /* TeslaTrackCompositionBuilder.swift */,
				020604892F7AAB5A0054C569 /* TeslaEventRepository.swift */,
				020604872F7AAA880054C569 /* TeslaEventJSONLoader.swift */,
				020604812F7A71C90054C569 /* TeslaEventBuilder.swift */,
				020604792F7A51530054C569 /* FolderPicker.swift */,
				020604732F7A50E60054C569 /* TeslaCamScanner.swift */,
				02AFB0732F702EF300CEC127 /* TimestampBurner.swift */,
				02AFB06F2F6F785800CEC127 /* FilePicker.swift */,
				0200DE772F84A262004768C2 /* AVVideoComposition+AsyncCIFilters.swift */,
				0200DEAC2F855E3F004768C2 /* SEI */,
			);
			path = Services;
			sourceTree = "<group>";
		};
		02AFB06C2F6F711200CEC127 /* ViewModels */ = {
			isa = PBXGroup;
			children = (
				020604772F7A51190054C569 /* TeslaCamBrowserViewModel.swift */,
				020604592F7A1ED90054C569 /* VideoPlaybackViewModel.swift */,
				02A75B032F7E7AA600B12388 /* EventDetailPlaybackViewModel.swift */,
			);
			path = ViewModels;
			sourceTree = "<group>";
		};
		02AFB06D2F6F711200CEC127 /* Views */ = {
			isa = PBXGroup;
			children = (
				02D109C52F8932D70048670C /* TelemetryOverlayView.swift */,
				02D109BB2F8914480048670C /* EventDetailFooterView.swift */,
				02D109BC2F8914480048670C /* EventDetailHeaderView.swift */,
				02D109BD2F8914480048670C /* EventDetailTimelineView.swift */,
				02D109BE2F8914480048670C /* TrackPreviewCardView.swift */,
				0206048B2F7B5B650054C569 /* EventDetailContentView.swift */,
				020604832F7A7BB40054C569 /* EventThumbnailView.swift */,
				0206047F2F7A51AD0054C569 /* EventDetailPlaceholderView.swift */,
				0206047D2F7A519C0054C569 /* EventFolderListView.swift */,
				0206047B2F7A518F0054C569 /* SidebarView.swift */,
				020604612F7A29A20054C569 /* EmptyStateView.swift */,
				02AFB0712F6F7A9500CEC127 /* VideoPlayerView.swift */,
				029380D72F6EAB9600F08527 /* ContentView.swift */,
				0206045F2F7A29250054C569 /* SelectedVideoSectionView.swift */,
			);
			path = Views;
			sourceTree = "<group>";
		};
		02AFB06E2F6F715500CEC127 /* App */ = {
			isa = PBXGroup;
			children = (
				029380D82F6EAB9600F08527 /* TeslaCamViewerApp.swift */,
			);
			path = App;
			sourceTree = "<group>";
		};
/* End PBXGroup section */

/* Begin PBXHeadersBuildPhase section */
		02AF7A262F87A56E00D7B37C /* Headers */ = {
			isa = PBXHeadersBuildPhase;
			buildActionMask = 2147483647;
			files = (
			);
			runOnlyForDeploymentPostprocessing = 0;
		};
/* End PBXHeadersBuildPhase section */

/* Begin PBXNativeTarget section */
		029380C52F6E954900F08527 /* TeslaCamViewer */ = {
			isa = PBXNativeTarget;
			buildConfigurationList = 029380D12F6E954A00F08527 /* Build configuration list for PBXNativeTarget "TeslaCamViewer" */;
			buildPhases = (
				029380C22F6E954900F08527 /* Sources */,
				029380C32F6E954900F08527 /* Frameworks */,
				029380C42F6E954900F08527 /* Resources */,
				02AF7A352F87A56E00D7B37C /* Embed Frameworks */,
			);
			buildRules = (
			);
			dependencies = (
				02AF7A322F87A56E00D7B37C /* PBXTargetDependency */,
			);
			name = TeslaCamViewer;
			packageProductDependencies = (
			);
			productName = TeslaCamViewer;
			productReference = 02AFB0672F6F6FD300CEC127 /* TeslaCamViewer.app */;
			productType = "com.apple.product-type.application";
		};
		02AF7A2A2F87A56E00D7B37C /* TeslaProtoModels */ = {
			isa = PBXNativeTarget;
			buildConfigurationList = 02AF7A382F87A56E00D7B37C /* Build configuration list for PBXNativeTarget "TeslaProtoModels" */;
			buildPhases = (
				02AF7A262F87A56E00D7B37C /* Headers */,
				02AF7A272F87A56E00D7B37C /* Sources */,
				02AF7A282F87A56E00D7B37C /* Frameworks */,
				02AF7A292F87A56E00D7B37C /* Resources */,
			);
			buildRules = (
			);
			dependencies = (
			);
			fileSystemSynchronizedGroups = (
				02AF7A2C2F87A56E00D7B37C /* TeslaProtoModels */,
			);
			name = TeslaProtoModels;
			packageProductDependencies = (
				02AF7A3D2F87A61800D7B37C /* SwiftProtobuf */,
			);
			productName = TeslaProtoModels;
			productReference = 02AF7A2B2F87A56E00D7B37C /* TeslaProtoModels.framework */;
			productType = "com.apple.product-type.framework";
		};
/* End PBXNativeTarget section */

/* Begin PBXProject section */
		029380BE2F6E954900F08527 /* Project object */ = {
			isa = PBXProject;
			attributes = {
				BuildIndependentTargetsInParallel = 1;
				LastSwiftUpdateCheck = 2640;
				LastUpgradeCheck = 2640;
				TargetAttributes = {
					029380C52F6E954900F08527 = {
						CreatedOnToolsVersion = 26.3;
					};
					02AF7A2A2F87A56E00D7B37C = {
						CreatedOnToolsVersion = 26.4;
					};
				};
			};
			buildConfigurationList = 029380C12F6E954900F08527 /* Build configuration list for PBXProject "TeslaCamViewer" */;
			developmentRegion = en;
			hasScannedForEncodings = 0;
			knownRegions = (
				en,
				Base,
			);
			mainGroup = 029380BD2F6E954900F08527;
			minimizedProjectReferenceProxies = 1;
			packageReferences = (
				02AF7A1F2F87923800D7B37C /* XCRemoteSwiftPackageReference "swift-protobuf" */,
			);
			preferredProjectObjectVersion = 77;
			productRefGroup = 029380BD2F6E954900F08527;
			projectDirPath = "";
			projectRoot = "";
			targets = (
				029380C52F6E954900F08527 /* TeslaCamViewer */,
				02AF7A2A2F87A56E00D7B37C /* TeslaProtoModels */,
			);
		};
/* End PBXProject section */

/* Begin PBXResourcesBuildPhase section */
		029380C42F6E954900F08527 /* Resources */ = {
			isa = PBXResourcesBuildPhase;
			buildActionMask = 2147483647;
			files = (
				029380DA2F6EAB9600F08527 /* Assets.xcassets in Resources */,
			);
			runOnlyForDeploymentPostprocessing = 0;
		};
		02AF7A292F87A56E00D7B37C /* Resources */ = {
			isa = PBXResourcesBuildPhase;
			buildActionMask = 2147483647;
			files = (
			);
			runOnlyForDeploymentPostprocessing = 0;
		};
/* End PBXResourcesBuildPhase section */

/* Begin PBXSourcesBuildPhase section */
		029380C22F6E954900F08527 /* Sources */ = {
			isa = PBXSourcesBuildPhase;
			buildActionMask = 2147483647;
			files = (
				028A4E042F89EDA800BD7BEF /* TelemetryOverlay.swift in Sources */,
				0206048A2F7AAB5A0054C569 /* TeslaEventRepository.swift in Sources */,
				02A75B042F7E7AA600B12388 /* EventDetailPlaybackViewModel.swift in Sources */,
				02AFB0702F6F785800CEC127 /* FilePicker.swift in Sources */,
				020604742F7A50E60054C569 /* TeslaCamScanner.swift in Sources */,
				029380DB2F6EAB9600F08527 /* ContentView.swift in Sources */,
				020604602F7A29250054C569 /* SelectedVideoSectionView.swift in Sources */,
				02A75AFA2F7E558800B12388 /* TeslaStitchedTrack.swift in Sources */,
				0200DEA32F855E26004768C2 /* TeslaSEISample.swift in Sources */,
				0200DEAD2F855E3F004768C2 /* TeslaMP4SampleReader.swift in Sources */,
				0200DEAF2F855E3F004768C2 /* TeslaNativeSEIExtractor.swift in Sources */,
				021CB92F2F85FA3F007D3A10 /* SEIMessage.swift in Sources */,
				0200DEB22F855E3F004768C2 /* TeslaSEINALUnitExtractor.swift in Sources */,
				0200DEB32F855E3F004768C2 /* TeslaSEIPayloadDecoder.swift in Sources */,
				0200DEB42F855E3F004768C2 /* TeslaSEIProtobufDecoder.swift in Sources */,
				020604882F7AAA880054C569 /* TeslaEventJSONLoader.swift in Sources */,
				02C3F99D2F7F6ED900F8A43A /* TeslaTrackFrameExporter.swift in Sources */,
				020604822F7A71C90054C569 /* TeslaEventBuilder.swift in Sources */,
				0206047E2F7A519C0054C569 /* EventFolderListView.swift in Sources */,
				02D109BF2F8914480048670C /* EventDetailFooterView.swift in Sources */,
				02D109C62F8932E70048670C /* TelemetryOverlayView.swift in Sources */,
				02D109C02F8914480048670C /* TrackPreviewCardView.swift in Sources */,
				02D109C12F8914480048670C /* EventDetailHeaderView.swift in Sources */,
				02D109C22F8914480048670C /* EventDetailTimelineView.swift in Sources */,
				02A75B002F7E6DE600B12388 /* TeslaTrackCompositionBuilder.swift in Sources */,
				02A75AFC2F7E55DA00B12388 /* TimelineCropSelection.swift in Sources */,
				0206047C2F7A518F0054C569 /* SidebarView.swift in Sources */,
				029380DC2F6EAB9600F08527 /* TeslaCamViewerApp.swift in Sources */,
				0206045A2F7A1ED90054C569 /* VideoPlaybackViewModel.swift in Sources */,
				02A75B022F7E784100B12388 /* TeslaTrackCompositionError.swift in Sources */,
				020604802F7A51AD0054C569 /* EventDetailPlaceholderView.swift in Sources */,
				020604722F7A4E0F0054C569 /* TeslaCamera.swift in Sources */,
				021CB92B2F85C98A007D3A10 /* BitstreamReader.swift in Sources */,
				020604762F7A50F10054C569 /* TeslaClipGroup.swift in Sources */,
				0206046E2F7A4DC00054C569 /* TeslaEvent.swift in Sources */,
				021CB9272F85C966007D3A10 /* NALUnitParser.swift in Sources */,
				021CB9332F85FE11007D3A10 /* TeslaTelemetryDecoder.swift in Sources */,
				02A75AFE2F7E67E500B12388 /* TeslaComposedTrack.swift in Sources */,
				0206048C2F7B5B650054C569 /* EventDetailContentView.swift in Sources */,
				02A75AF82F7E553000B12388 /* TeslaTrackSegment.swift in Sources */,
				020604702F7A4DD40054C569 /* TeslaCameraClip.swift in Sources */,
				0206045E2F7A21950054C569 /* SelectedVideo.swift in Sources */,
				020604782F7A51190054C569 /* TeslaCamBrowserViewModel.swift in Sources */,
				02AFB0722F6F7A9500CEC127 /* VideoPlayerView.swift in Sources */,
				02A75AF62F7E541200B12388 /* TeslaCameraTrack.swift in Sources */,
				021CB9292F85C97A007D3A10 /* MP4SampleReader.swift in Sources */,
				02AF7A432F87CA5E00D7B37C /* TeslaSEIExtracting.swift in Sources */,
				020604862F7AA9360054C569 /* TeslaEventMetadata.swift in Sources */,
				0200DE782F84A262004768C2 /* AVVideoComposition+AsyncCIFilters.swift in Sources */,
				0206047A2F7A51530054C569 /* FolderPicker.swift in Sources */,
				021CB9232F85C639007D3A10 /* NALUnit.swift in Sources */,
				020604622F7A29A20054C569 /* EmptyStateView.swift in Sources */,
				021CB92D2F85C995007D3A10 /* BitstreamError.swift in Sources */,
				02AFB0742F702EF300CEC127 /* TimestampBurner.swift in Sources */,
				020604842F7A7BB40054C569 /* EventThumbnailView.swift in Sources */,
				02C3F99F2F7F863300F8A43A /* TeslaTrackClipExporter.swift in Sources */,
			);
			runOnlyForDeploymentPostprocessing = 0;
		};
		02AF7A272F87A56E00D7B37C /* Sources */ = {
			isa = PBXSourcesBuildPhase;
			buildActionMask = 2147483647;
			files = (
				02AF7A392F87A5AC00D7B37C /* dashcam.pb.swift in Sources */,
			);
			runOnlyForDeploymentPostprocessing = 0;
		};
/* End PBXSourcesBuildPhase section */

/* Begin PBXTargetDependency section */
		02AF7A322F87A56E00D7B37C /* PBXTargetDependency */ = {
			isa = PBXTargetDependency;
			target = 02AF7A2A2F87A56E00D7B37C /* TeslaProtoModels */;
			targetProxy = 02AF7A312F87A56E00D7B37C /* PBXContainerItemProxy */;
		};
/* End PBXTargetDependency section */

/* Begin XCBuildConfiguration section */
		029380CF2F6E954A00F08527 /* Debug */ = {
			isa = XCBuildConfiguration;
			buildSettings = {
				ALWAYS_SEARCH_USER_PATHS = NO;
				ASSETCATALOG_COMPILER_GENERATE_SWIFT_ASSET_SYMBOL_EXTENSIONS = YES;
				CLANG_ANALYZER_NONNULL = YES;
				CLANG_ANALYZER_NUMBER_OBJECT_CONVERSION = YES_AGGRESSIVE;
				CLANG_CXX_LANGUAGE_STANDARD = "gnu++20";
				CLANG_ENABLE_MODULES = YES;
				CLANG_ENABLE_OBJC_ARC = YES;
				CLANG_ENABLE_OBJC_WEAK = YES;
				CLANG_WARN_BLOCK_CAPTURE_AUTORELEASING = YES;
				CLANG_WARN_BOOL_CONVERSION = YES;
				CLANG_WARN_COMMA = YES;
				CLANG_WARN_CONSTANT_CONVERSION = YES;
				CLANG_WARN_DEPRECATED_OBJC_IMPLEMENTATIONS = YES;
				CLANG_WARN_DIRECT_OBJC_ISA_USAGE = YES_ERROR;
				CLANG_WARN_DOCUMENTATION_COMMENTS = YES;
				CLANG_WARN_EMPTY_BODY = YES;
				CLANG_WARN_ENUM_CONVERSION = YES;
				CLANG_WARN_INFINITE_RECURSION = YES;
				CLANG_WARN_INT_CONVERSION = YES;
				CLANG_WARN_NON_LITERAL_NULL_CONVERSION = YES;
				CLANG_WARN_OBJC_IMPLICIT_RETAIN_SELF = YES;
				CLANG_WARN_OBJC_LITERAL_CONVERSION = YES;
				CLANG_WARN_OBJC_ROOT_CLASS = YES_ERROR;
				CLANG_WARN_QUOTED_INCLUDE_IN_FRAMEWORK_HEADER = YES;
				CLANG_WARN_RANGE_LOOP_ANALYSIS = YES;
				CLANG_WARN_STRICT_PROTOTYPES = YES;
				CLANG_WARN_SUSPICIOUS_MOVE = YES;
				CLANG_WARN_UNGUARDED_AVAILABILITY = YES_AGGRESSIVE;
				CLANG_WARN_UNREACHABLE_CODE = YES;
				CLANG_WARN__DUPLICATE_METHOD_MATCH = YES;
				COPY_PHASE_STRIP = NO;
				DEAD_CODE_STRIPPING = YES;
				DEBUG_INFORMATION_FORMAT = dwarf;
				DEVELOPMENT_TEAM = N5NMQ67M4X;
				ENABLE_STRICT_OBJC_MSGSEND = YES;
				ENABLE_TESTABILITY = YES;
				ENABLE_USER_SCRIPT_SANDBOXING = YES;
				GCC_C_LANGUAGE_STANDARD = gnu17;
				GCC_DYNAMIC_NO_PIC = NO;
				GCC_NO_COMMON_BLOCKS = YES;
				GCC_OPTIMIZATION_LEVEL = 0;
				GCC_PREPROCESSOR_DEFINITIONS = (
					"DEBUG=1",
					"$(inherited)",
				);
				GCC_WARN_64_TO_32_BIT_CONVERSION = YES;
				GCC_WARN_ABOUT_RETURN_TYPE = YES_ERROR;
				GCC_WARN_UNDECLARED_SELECTOR = YES;
				GCC_WARN_UNINITIALIZED_AUTOS = YES_AGGRESSIVE;
				GCC_WARN_UNUSED_FUNCTION = YES;
				GCC_WARN_UNUSED_VARIABLE = YES;
				LOCALIZATION_PREFERS_STRING_CATALOGS = YES;
				MACOSX_DEPLOYMENT_TARGET = 26.2;
				MTL_ENABLE_DEBUG_INFO = INCLUDE_SOURCE;
				MTL_FAST_MATH = YES;
				ONLY_ACTIVE_ARCH = YES;
				SDKROOT = macosx;
				STRING_CATALOG_GENERATE_SYMBOLS = YES;
				SWIFT_ACTIVE_COMPILATION_CONDITIONS = "DEBUG $(inherited)";
				SWIFT_OPTIMIZATION_LEVEL = "-Onone";
			};
			name = Debug;
		};
		029380D02F6E954A00F08527 /* Release */ = {
			isa = XCBuildConfiguration;
			buildSettings = {
				ALWAYS_SEARCH_USER_PATHS = NO;
				ASSETCATALOG_COMPILER_GENERATE_SWIFT_ASSET_SYMBOL_EXTENSIONS = YES;
				CLANG_ANALYZER_NONNULL = YES;
				CLANG_ANALYZER_NUMBER_OBJECT_CONVERSION = YES_AGGRESSIVE;
				CLANG_CXX_LANGUAGE_STANDARD = "gnu++20";
				CLANG_ENABLE_MODULES = YES;
				CLANG_ENABLE_OBJC_ARC = YES;
				CLANG_ENABLE_OBJC_WEAK = YES;
				CLANG_WARN_BLOCK_CAPTURE_AUTORELEASING = YES;
				CLANG_WARN_BOOL_CONVERSION = YES;
				CLANG_WARN_COMMA = YES;
				CLANG_WARN_CONSTANT_CONVERSION = YES;
				CLANG_WARN_DEPRECATED_OBJC_IMPLEMENTATIONS = YES;
				CLANG_WARN_DIRECT_OBJC_ISA_USAGE = YES_ERROR;
				CLANG_WARN_DOCUMENTATION_COMMENTS = YES;
				CLANG_WARN_EMPTY_BODY = YES;
				CLANG_WARN_ENUM_CONVERSION = YES;
				CLANG_WARN_INFINITE_RECURSION = YES;
				CLANG_WARN_INT_CONVERSION = YES;
				CLANG_WARN_NON_LITERAL_NULL_CONVERSION = YES;
				CLANG_WARN_OBJC_IMPLICIT_RETAIN_SELF = YES;
				CLANG_WARN_OBJC_LITERAL_CONVERSION = YES;
				CLANG_WARN_OBJC_ROOT_CLASS = YES_ERROR;
				CLANG_WARN_QUOTED_INCLUDE_IN_FRAMEWORK_HEADER = YES;
				CLANG_WARN_RANGE_LOOP_ANALYSIS = YES;
				CLANG_WARN_STRICT_PROTOTYPES = YES;
				CLANG_WARN_SUSPICIOUS_MOVE = YES;
				CLANG_WARN_UNGUARDED_AVAILABILITY = YES_AGGRESSIVE;
				CLANG_WARN_UNREACHABLE_CODE = YES;
				CLANG_WARN__DUPLICATE_METHOD_MATCH = YES;
				COPY_PHASE_STRIP = NO;
				DEAD_CODE_STRIPPING = YES;
				DEBUG_INFORMATION_FORMAT = "dwarf-with-dsym";
				DEVELOPMENT_TEAM = N5NMQ67M4X;
				ENABLE_NS_ASSERTIONS = NO;
				ENABLE_STRICT_OBJC_MSGSEND = YES;
				ENABLE_USER_SCRIPT_SANDBOXING = YES;
				GCC_C_LANGUAGE_STANDARD = gnu17;
				GCC_NO_COMMON_BLOCKS = YES;
				GCC_WARN_64_TO_32_BIT_CONVERSION = YES;
				GCC_WARN_ABOUT_RETURN_TYPE = YES_ERROR;
				GCC_WARN_UNDECLARED_SELECTOR = YES;
				GCC_WARN_UNINITIALIZED_AUTOS = YES_AGGRESSIVE;
				GCC_WARN_UNUSED_FUNCTION = YES;
				GCC_WARN_UNUSED_VARIABLE = YES;
				LOCALIZATION_PREFERS_STRING_CATALOGS = YES;
				MACOSX_DEPLOYMENT_TARGET = 26.2;
				MTL_ENABLE_DEBUG_INFO = NO;
				MTL_FAST_MATH = YES;
				SDKROOT = macosx;
				STRING_CATALOG_GENERATE_SYMBOLS = YES;
				SWIFT_COMPILATION_MODE = wholemodule;
			};
			name = Release;
		};
		029380D22F6E954A00F08527 /* Debug */ = {
			isa = XCBuildConfiguration;
			buildSettings = {
				ASSETCATALOG_COMPILER_APPICON_NAME = AppIcon;
				ASSETCATALOG_COMPILER_GLOBAL_ACCENT_COLOR_NAME = AccentColor;
				BUILD_LIBRARY_FOR_DISTRIBUTION = YES;
				CODE_SIGN_STYLE = Automatic;
				COMBINE_HIDPI_IMAGES = YES;
				CURRENT_PROJECT_VERSION = 1;
				DEAD_CODE_STRIPPING = YES;
				DEVELOPMENT_TEAM = N5NMQ67M4X;
				ENABLE_APP_SANDBOX = YES;
				ENABLE_HARDENED_RUNTIME = YES;
				ENABLE_INCOMING_NETWORK_CONNECTIONS = NO;
				ENABLE_OUTGOING_NETWORK_CONNECTIONS = NO;
				ENABLE_PREVIEWS = YES;
				ENABLE_RESOURCE_ACCESS_AUDIO_INPUT = NO;
				ENABLE_RESOURCE_ACCESS_BLUETOOTH = NO;
				ENABLE_RESOURCE_ACCESS_CALENDARS = NO;
				ENABLE_RESOURCE_ACCESS_CAMERA = NO;
				ENABLE_RESOURCE_ACCESS_CONTACTS = NO;
				ENABLE_RESOURCE_ACCESS_LOCATION = NO;
				ENABLE_RESOURCE_ACCESS_PRINTING = NO;
				ENABLE_RESOURCE_ACCESS_USB = NO;
				ENABLE_USER_SELECTED_FILES = readwrite;
				GENERATE_INFOPLIST_FILE = YES;
				INFOPLIST_KEY_NSHumanReadableCopyright = "";
				LD_RUNPATH_SEARCH_PATHS = (
					"$(inherited)",
					"@executable_path/../Frameworks",
				);
				MACOSX_DEPLOYMENT_TARGET = 26.0;
				MARKETING_VERSION = 1.0;
				PRODUCT_BUNDLE_IDENTIFIER = com.eugene.TeslaCamViewer;
				PRODUCT_NAME = "$(TARGET_NAME)";
				REGISTER_APP_GROUPS = YES;
				STRING_CATALOG_GENERATE_SYMBOLS = YES;
				SWIFT_APPROACHABLE_CONCURRENCY = YES;
				SWIFT_DEFAULT_ACTOR_ISOLATION = MainActor;
				SWIFT_EMIT_LOC_STRINGS = YES;
				SWIFT_UPCOMING_FEATURE_MEMBER_IMPORT_VISIBILITY = YES;
				SWIFT_VERSION = 6.0;
			};
			name = Debug;
		};
		029380D32F6E954A00F08527 /* Release */ = {
			isa = XCBuildConfiguration;
			buildSettings = {
				ASSETCATALOG_COMPILER_APPICON_NAME = AppIcon;
				ASSETCATALOG_COMPILER_GLOBAL_ACCENT_COLOR_NAME = AccentColor;
				BUILD_LIBRARY_FOR_DISTRIBUTION = YES;
				CODE_SIGN_STYLE = Automatic;
				COMBINE_HIDPI_IMAGES = YES;
				CURRENT_PROJECT_VERSION = 1;
				DEAD_CODE_STRIPPING = YES;
				DEVELOPMENT_TEAM = N5NMQ67M4X;
				ENABLE_APP_SANDBOX = YES;
				ENABLE_HARDENED_RUNTIME = YES;
				ENABLE_INCOMING_NETWORK_CONNECTIONS = NO;
				ENABLE_OUTGOING_NETWORK_CONNECTIONS = NO;
				ENABLE_PREVIEWS = YES;
				ENABLE_RESOURCE_ACCESS_AUDIO_INPUT = NO;
				ENABLE_RESOURCE_ACCESS_BLUETOOTH = NO;
				ENABLE_RESOURCE_ACCESS_CALENDARS = NO;
				ENABLE_RESOURCE_ACCESS_CAMERA = NO;
				ENABLE_RESOURCE_ACCESS_CONTACTS = NO;
				ENABLE_RESOURCE_ACCESS_LOCATION = NO;
				ENABLE_RESOURCE_ACCESS_PRINTING = NO;
				ENABLE_RESOURCE_ACCESS_USB = NO;
				ENABLE_USER_SELECTED_FILES = readwrite;
				GENERATE_INFOPLIST_FILE = YES;
				INFOPLIST_KEY_NSHumanReadableCopyright = "";
				LD_RUNPATH_SEARCH_PATHS = (
					"$(inherited)",
					"@executable_path/../Frameworks",
				);
				MACOSX_DEPLOYMENT_TARGET = 26.0;
				MARKETING_VERSION = 1.0;
				PRODUCT_BUNDLE_IDENTIFIER = com.eugene.TeslaCamViewer;
				PRODUCT_NAME = "$(TARGET_NAME)";
				REGISTER_APP_GROUPS = YES;
				STRING_CATALOG_GENERATE_SYMBOLS = YES;
				SWIFT_APPROACHABLE_CONCURRENCY = YES;
				SWIFT_DEFAULT_ACTOR_ISOLATION = MainActor;
				SWIFT_EMIT_LOC_STRINGS = YES;
				SWIFT_UPCOMING_FEATURE_MEMBER_IMPORT_VISIBILITY = YES;
				SWIFT_VERSION = 5.0;
			};
			name = Release;
		};
		02AF7A362F87A56E00D7B37C /* Debug */ = {
			isa = XCBuildConfiguration;
			buildSettings = {
				BUILD_LIBRARY_FOR_DISTRIBUTION = NO;
				CODE_SIGN_STYLE = Automatic;
				COMBINE_HIDPI_IMAGES = YES;
				CURRENT_PROJECT_VERSION = 1;
				DEVELOPMENT_TEAM = N5NMQ67M4X;
				DYLIB_COMPATIBILITY_VERSION = 1;
				DYLIB_CURRENT_VERSION = 1;
				DYLIB_INSTALL_NAME_BASE = "@rpath";
				ENABLE_MODULE_VERIFIER = YES;
				GENERATE_INFOPLIST_FILE = YES;
				INFOPLIST_KEY_NSHumanReadableCopyright = "";
				INSTALL_PATH = "$(LOCAL_LIBRARY_DIR)/Frameworks";
				LD_RUNPATH_SEARCH_PATHS = (
					"$(inherited)",
					"@executable_path/../Frameworks",
					"@loader_path/Frameworks",
				);
				MACOSX_DEPLOYMENT_TARGET = 26.0;
				MARKETING_VERSION = 1.0;
				MODULE_VERIFIER_SUPPORTED_LANGUAGES = "objective-c objective-c++";
				MODULE_VERIFIER_SUPPORTED_LANGUAGE_STANDARDS = "gnu17 gnu++20";
				PRODUCT_BUNDLE_IDENTIFIER = com.eugene.TeslaProtoModels;
				PRODUCT_NAME = "$(TARGET_NAME:c99extidentifier)";
				SKIP_INSTALL = YES;
				STRING_CATALOG_GENERATE_SYMBOLS = YES;
				SWIFT_APPROACHABLE_CONCURRENCY = YES;
				SWIFT_EMIT_LOC_STRINGS = YES;
				SWIFT_INSTALL_MODULE = YES;
				SWIFT_INSTALL_OBJC_HEADER = NO;
				SWIFT_UPCOMING_FEATURE_MEMBER_IMPORT_VISIBILITY = YES;
				SWIFT_VERSION = 5.0;
				VERSIONING_SYSTEM = "apple-generic";
				VERSION_INFO_PREFIX = "";
			};
			name = Debug;
		};
		02AF7A372F87A56E00D7B37C /* Release */ = {
			isa = XCBuildConfiguration;
			buildSettings = {
				BUILD_LIBRARY_FOR_DISTRIBUTION = NO;
				CODE_SIGN_STYLE = Automatic;
				COMBINE_HIDPI_IMAGES = YES;
				CURRENT_PROJECT_VERSION = 1;
				DEVELOPMENT_TEAM = N5NMQ67M4X;
				DYLIB_COMPATIBILITY_VERSION = 1;
				DYLIB_CURRENT_VERSION = 1;
				DYLIB_INSTALL_NAME_BASE = "@rpath";
				ENABLE_MODULE_VERIFIER = YES;
				GENERATE_INFOPLIST_FILE = YES;
				INFOPLIST_KEY_NSHumanReadableCopyright = "";
				INSTALL_PATH = "$(LOCAL_LIBRARY_DIR)/Frameworks";
				LD_RUNPATH_SEARCH_PATHS = (
					"$(inherited)",
					"@executable_path/../Frameworks",
					"@loader_path/Frameworks",
				);
				MACOSX_DEPLOYMENT_TARGET = 26.0;
				MARKETING_VERSION = 1.0;
				MODULE_VERIFIER_SUPPORTED_LANGUAGES = "objective-c objective-c++";
				MODULE_VERIFIER_SUPPORTED_LANGUAGE_STANDARDS = "gnu17 gnu++20";
				PRODUCT_BUNDLE_IDENTIFIER = com.eugene.TeslaProtoModels;
				PRODUCT_NAME = "$(TARGET_NAME:c99extidentifier)";
				SKIP_INSTALL = YES;
				STRING_CATALOG_GENERATE_SYMBOLS = YES;
				SWIFT_APPROACHABLE_CONCURRENCY = YES;
				SWIFT_EMIT_LOC_STRINGS = YES;
				SWIFT_INSTALL_MODULE = YES;
				SWIFT_INSTALL_OBJC_HEADER = NO;
				SWIFT_UPCOMING_FEATURE_MEMBER_IMPORT_VISIBILITY = YES;
				SWIFT_VERSION = 5.0;
				VERSIONING_SYSTEM = "apple-generic";
				VERSION_INFO_PREFIX = "";
			};
			name = Release;
		};
/* End XCBuildConfiguration section */

/* Begin XCConfigurationList section */
		029380C12F6E954900F08527 /* Build configuration list for PBXProject "TeslaCamViewer" */ = {
			isa = XCConfigurationList;
			buildConfigurations = (
				029380CF2F6E954A00F08527 /* Debug */,
				029380D02F6E954A00F08527 /* Release */,
			);
			defaultConfigurationIsVisible = 0;
			defaultConfigurationName = Release;
		};
		029380D12F6E954A00F08527 /* Build configuration list for PBXNativeTarget "TeslaCamViewer" */ = {
			isa = XCConfigurationList;
			buildConfigurations = (
				029380D22F6E954A00F08527 /* Debug */,
				029380D32F6E954A00F08527 /* Release */,
			);
			defaultConfigurationIsVisible = 0;
			defaultConfigurationName = Release;
		};
		02AF7A382F87A56E00D7B37C /* Build configuration list for PBXNativeTarget "TeslaProtoModels" */ = {
			isa = XCConfigurationList;
			buildConfigurations = (
				02AF7A362F87A56E00D7B37C /* Debug */,
				02AF7A372F87A56E00D7B37C /* Release */,
			);
			defaultConfigurationIsVisible = 0;
			defaultConfigurationName = Release;
		};
/* End XCConfigurationList section */

/* Begin XCRemoteSwiftPackageReference section */
		02AF7A1F2F87923800D7B37C /* XCRemoteSwiftPackageReference "swift-protobuf" */ = {
			isa = XCRemoteSwiftPackageReference;
			repositoryURL = "https://github.com/apple/swift-protobuf";
			requirement = {
				kind = upToNextMajorVersion;
				minimumVersion = 1.36.1;
			};
		};
/* End XCRemoteSwiftPackageReference section */

/* Begin XCSwiftPackageProductDependency section */
		02AF7A3D2F87A61800D7B37C /* SwiftProtobuf */ = {
			isa = XCSwiftPackageProductDependency;
			package = 02AF7A1F2F87923800D7B37C /* XCRemoteSwiftPackageReference "swift-protobuf" */;
			productName = SwiftProtobuf;
		};
/* End XCSwiftPackageProductDependency section */
	};
	rootObject = 029380BE2F6E954900F08527 /* Project object */;
}
