lockfileVersion: '9.0'

settings:
  autoInstallPeers: true
  excludeLinksFromLockfile: false

importers:

  .:
    dependencies:
      snake-case:
        specifier: ^4.0.0
        version: 4.0.0

packages:

  no-case@4.0.0:
    resolution: {integrity: sha512-WmS3EUGw+vXHlTgiUPi3NzbZNwH6+uGX0QLGgqG+aFSJ5rkX/Ee0nuwHBJfZTfQwwR8lGO819NEIwQ7CGhkdEQ==}
    deprecated: Use `change-case`

  snake-case@4.0.0:
    resolution: {integrity: sha512-slvG6efKZ3GYUUZdhPOq/lLIqutwQ4TdPViD1VKqsbf0u76U/aPRswPKjOaAS9T7fAPmRmXuN6C/nM0xsMaFLQ==}
    deprecated: Use `change-case`

snapshots:

  no-case@4.0.0: {}

  snake-case@4.0.0:
    dependencies:
      no-case: 4.0.0
